
Microsoft Visual Studio Solution File, Format Version 12.00
# Visual Studio 15
Project("{FAE04EC0-301F-11D3-BF4B-00C04F79EFBC}") = "Assembly-CSharp", "Assembly-CSharp.csproj", "{6B41583E-6FCB-BB89-8693-60BB2A8FA403}"
EndProject
Project("{FAE04EC0-301F-11D3-BF4B-00C04F79EFBC}") = "Boxophobic.Utils.Editor", "Boxophobic.Utils.Editor.csproj", "{CA97EAE9-2D42-264B-8CA4-AD060B3D3497}"
EndProject
Project("{FAE04EC0-301F-11D3-BF4B-00C04F79EFBC}") = "Boxophobic.Utils.Scripts", "Boxophobic.Utils.Scripts.csproj", "{32DF532A-834A-1EEE-4C04-0A77084DAF51}"
EndProject
Project("{FAE04EC0-301F-11D3-BF4B-00C04F79EFBC}") = "Boxophobic.SkyboxCubemapExtended.Editor", "Boxophobic.SkyboxCubemapExtended.Editor.csproj", "{7A2A7384-E21B-D782-0D60-5A3D0D7DF219}"
EndProject
Global
	GlobalSection(SolutionConfigurationPlatforms) = preSolution
		Debug|Any CPU = Debug|Any CPU
		Release|Any CPU = Release|Any CPU
	EndGlobalSection
	GlobalSection(ProjectConfigurationPlatforms) = postSolution
		{6B41583E-6FCB-BB89-8693-60BB2A8FA403}.Debug|Any CPU.ActiveCfg = Debug|Any CPU
		{6B41583E-6FCB-BB89-8693-60BB2A8FA403}.Debug|Any CPU.Build.0 = Debug|Any CPU
		{6B41583E-6FCB-BB89-8693-60BB2A8FA403}.Release|Any CPU.ActiveCfg = Release|Any CPU
		{6B41583E-6FCB-BB89-8693-60BB2A8FA403}.Release|Any CPU.Build.0 = Release|Any CPU
		{CA97EAE9-2D42-264B-8CA4-AD060B3D3497}.Debug|Any CPU.ActiveCfg = Debug|Any CPU
		{CA97EAE9-2D42-264B-8CA4-AD060B3D3497}.Debug|Any CPU.Build.0 = Debug|Any CPU
		{CA97EAE9-2D42-264B-8CA4-AD060B3D3497}.Release|Any CPU.ActiveCfg = Release|Any CPU
		{CA97EAE9-2D42-264B-8CA4-AD060B3D3497}.Release|Any CPU.Build.0 = Release|Any CPU
		{32DF532A-834A-1EEE-4C04-0A77084DAF51}.Debug|Any CPU.ActiveCfg = Debug|Any CPU
		{32DF532A-834A-1EEE-4C04-0A77084DAF51}.Debug|Any CPU.Build.0 = Debug|Any CPU
		{32DF532A-834A-1EEE-4C04-0A77084DAF51}.Release|Any CPU.ActiveCfg = Release|Any CPU
		{32DF532A-834A-1EEE-4C04-0A77084DAF51}.Release|Any CPU.Build.0 = Release|Any CPU
		{7A2A7384-E21B-D782-0D60-5A3D0D7DF219}.Debug|Any CPU.ActiveCfg = Debug|Any CPU
		{7A2A7384-E21B-D782-0D60-5A3D0D7DF219}.Debug|Any CPU.Build.0 = Debug|Any CPU
		{7A2A7384-E21B-D782-0D60-5A3D0D7DF219}.Release|Any CPU.ActiveCfg = Release|Any CPU
		{7A2A7384-E21B-D782-0D60-5A3D0D7DF219}.Release|Any CPU.Build.0 = Release|Any CPU
	EndGlobalSection
	GlobalSection(SolutionProperties) = preSolution
		HideSolutionNode = FALSE
	EndGlobalSection
EndGlobal
